// !$*UTF8*$!
{
	archiveVersion = 1;
	classes = {
	};
	objectVersion = 46;
	objects = {

/* Begin PBXBuildFile section */
		3BB29E491C3F8F4300FB6F69 /* BNRCircle.m in Sources */ = {isa = PBXBuildFile; fileRef = 3BB29E481C3F8F4300FB6F69 /* BNRCircle.m */; };
		3BD550791C3F5EDE0090E4F4 /* main.m in Sources */ = {isa = PBXBuildFile; fileRef = 3BD550781C3F5EDE0090E4F4 /* main.m */; };
		3BD5507C1C3F5EDE0090E4F4 /* AppDelegate.m in Sources */ = {isa = PBXBuildFile; fileRef = 3BD5507B1C3F5EDE0090E4F4 /* AppDelegate.m */; };
		3BD550841C3F5EDE0090E4F4 /* Assets.xcassets in Resources */ = {isa = PBXBuildFile; fileRef = 3BD550831C3F5EDE0090E4F4 /* Assets.xcassets */; };
		3BD550871C3F5EDE0090E4F4 /* LaunchScreen.storyboard in Resources */ = {isa = PBXBuildFile; fileRef = 3BD550851C3F5EDE0090E4F4 /* LaunchScreen.storyboard */; };
		3BD550901C3F5F3F0090E4F4 /* BNRLine.m in Sources */ = {isa = PBXBuildFile; fileRef = 3BD5508F1C3F5F3F0090E4F4 /* BNRLine.m */; };
		3BD550931C3F5FC30090E4F4 /* BNRDrawView.m in Sources */ = {isa = PBXBuildFile; fileRef = 3BD550921C3F5FC30090E4F4 /* BNRDrawView.m */; };
		3BD550961C3F60080090E4F4 /* BNRDrawViewController.m in Sources */ = {isa = PBXBuildFile; fileRef = 3BD550951C3F60080090E4F4 /* BNRDrawViewController.m */; };
/* End PBXBuildFile section */

/* Begin PBXFileReference section */
		3BB29E471C3F8F4300FB6F69 /* BNRCircle.h */ = {isa = PBXFileReference; fileEncoding = 4; lastKnownFileType = sourcecode.c.h; path = BNRCircle.h; sourceTree = "<group>"; };
		3BB29E481C3F8F4300FB6F69 /* BNRCircle.m */ = {isa = PBXFileReference; fileEncoding = 4; lastKnownFileType = sourcecode.c.objc; path = BNRCircle.m; sourceTree = "<group>"; };
		3BD550741C3F5EDE0090E4F4 /* Touch Tracker.app */ = {isa = PBXFileReference; explicitFileType = wrapper.application; includeInIndex = 0; path = "Touch Tracker.app"; sourceTree = BUILT_PRODUCTS_DIR; };
		3BD550781C3F5EDE0090E4F4 /* main.m */ = {isa = PBXFileReference; lastKnownFileType = sourcecode.c.objc; path = main.m; sourceTree = "<group>"; };
		3BD5507A1C3F5EDE0090E4F4 /* AppDelegate.h */ = {isa = PBXFileReference; lastKnownFileType = sourcecode.c.h; path = AppDelegate.h; sourceTree = "<group>"; };
		3BD5507B1C3F5EDE0090E4F4 /* AppDelegate.m */ = {isa = PBXFileReference; lastKnownFileType = sourcecode.c.objc; path = AppDelegate.m; sourceTree = "<group>"; };
		3BD550831C3F5EDE0090E4F4 /* Assets.xcassets */ = {isa = PBXFileReference; lastKnownFileType = folder.assetcatalog; path = Assets.xcassets; sourceTree = "<group>"; };
		3BD550861C3F5EDE0090E4F4 /* Base */ = {isa = PBXFileReference; lastKnownFileType = file.storyboard; name = Base; path = Base.lproj/LaunchScreen.storyboard; sourceTree = "<group>"; };
		3BD550881C3F5EDE0090E4F4 /* Info.plist */ = {isa = PBXFileReference; lastKnownFileType = text.plist.xml; path = Info.plist; sourceTree = "<group>"; };
		3BD5508E1C3F5F3F0090E4F4 /* BNRLine.h */ = {isa = PBXFileReference; fileEncoding = 4; lastKnownFileType = sourcecode.c.h; path = BNRLine.h; sourceTree = "<group>"; };
		3BD5508F1C3F5F3F0090E4F4 /* BNRLine.m */ = {isa = PBXFileReference; fileEncoding = 4; lastKnownFileType = sourcecode.c.objc; path = BNRLine.m; sourceTree = "<group>"; };
		3BD550911C3F5FC30090E4F4 /* BNRDrawView.h */ = {isa = PBXFileReference; fileEncoding = 4; lastKnownFileType = sourcecode.c.h; path = BNRDrawView.h; sourceTree = "<group>"; };
		3BD550921C3F5FC30090E4F4 /* BNRDrawView.m */ = {isa = PBXFileReference; fileEncoding = 4; lastKnownFileType = sourcecode.c.objc; path = BNRDrawView.m; sourceTree = "<group>"; };
		3BD550941C3F60080090E4F4 /* BNRDrawViewController.h */ = {isa = PBXFileReference; fileEncoding = 4; lastKnownFileType = sourcecode.c.h; path = BNRDrawViewController.h; sourceTree = "<group>"; };
		3BD550951C3F60080090E4F4 /* BNRDrawViewController.m */ = {isa = PBXFileReference; fileEncoding = 4; lastKnownFileType = sourcecode.c.objc; path = BNRDrawViewController.m; sourceTree = "<group>"; };
/* End PBXFileReference section */

/* Begin PBXFrameworksBuildPhase section */
		3BD550711C3F5EDE0090E4F4 /* Frameworks */ = {
			isa = PBXFrameworksBuildPhase;
			buildActionMask = 2147483647;
			files = (
			);
			runOnlyForDeploymentPostprocessing = 0;
		};
/* End PBXFrameworksBuildPhase section */

/* Begin PBXGroup section */
		3BD5506B1C3F5EDE0090E4F4 = {
			isa = PBXGroup;
			children = (
				3BD550761C3F5EDE0090E4F4 /* Touch Tracker */,
				3BD550751C3F5EDE0090E4F4 /* Products */,
			);
			sourceTree = "<group>";
		};
		3BD550751C3F5EDE0090E4F4 /* Products */ = {
			isa = PBXGroup;
			children = (
				3BD550741C3F5EDE0090E4F4 /* Touch Tracker.app */,
			);
			name = Products;
			sourceTree = "<group>";
		};
		3BD550761C3F5EDE0090E4F4 /* Touch Tracker */ = {
			isa = PBXGroup;
			children = (
				3BD5507A1C3F5EDE0090E4F4 /* AppDelegate.h */,
				3BD5507B1C3F5EDE0090E4F4 /* AppDelegate.m */,
				3BD5508E1C3F5F3F0090E4F4 /* BNRLine.h */,
				3BD5508F1C3F5F3F0090E4F4 /* BNRLine.m */,
				3BD550911C3F5FC30090E4F4 /* BNRDrawView.h */,
				3BD550921C3F5FC30090E4F4 /* BNRDrawView.m */,
				3BB29E471C3F8F4300FB6F69 /* BNRCircle.h */,
				3BB29E481C3F8F4300FB6F69 /* BNRCircle.m */,
				3BD550941C3F60080090E4F4 /* BNRDrawViewController.h */,
				3BD550951C3F60080090E4F4 /* BNRDrawViewController.m */,
				3BD550831C3F5EDE0090E4F4 /* Assets.xcassets */,
				3BD550851C3F5EDE0090E4F4 /* LaunchScreen.storyboard */,
				3BD550881C3F5EDE0090E4F4 /* Info.plist */,
				3BD550771C3F5EDE0090E4F4 /* Supporting Files */,
			);
			path = "Touch Tracker";
			sourceTree = "<group>";
		};
		3BD550771C3F5EDE0090E4F4 /* Supporting Files */ = {
			isa = PBXGroup;
			children = (
				3BD550781C3F5EDE0090E4F4 /* main.m */,
			);
			name = "Supporting Files";
			sourceTree = "<group>";
		};
/* End PBXGroup section */

/* Begin PBXNativeTarget section */
		3BD550731C3F5EDE0090E4F4 /* Touch Tracker */ = {
			isa = PBXNativeTarget;
			buildConfigurationList = 3BD5508B1C3F5EDE0090E4F4 /* Build configuration list for PBXNativeTarget "Touch Tracker" */;
			buildPhases = (
				3BD550701C3F5EDE0090E4F4 /* Sources */,
				3BD550711C3F5EDE0090E4F4 /* Frameworks */,
				3BD550721C3F5EDE0090E4F4 /* Resources */,
			);
			buildRules = (
			);
			dependencies = (
			);
			name = "Touch Tracker";
			productName = "Touch Tracker";
			productReference = 3BD550741C3F5EDE0090E4F4 /* Touch Tracker.app */;
			productType = "com.apple.product-type.application";
		};
/* End PBXNativeTarget section */

/* Begin PBXProject section */
		3BD5506C1C3F5EDE0090E4F4 /* Project object */ = {
			isa = PBXProject;
			attributes = {
				LastUpgradeCheck = 0720;
				TargetAttributes = {
					3BD550731C3F5EDE0090E4F4 = {
						CreatedOnToolsVersion = 7.2;
						DevelopmentTeam = TS7646574Q;
					};
				};
			};
			buildConfigurationList = 3BD5506F1C3F5EDE0090E4F4 /* Build configuration list for PBXProject "Touch Tracker" */;
			compatibilityVersion = "Xcode 3.2";
			developmentRegion = English;
			hasScannedForEncodings = 0;
			knownRegions = (
				en,
				Base,
			);
			mainGroup = 3BD5506B1C3F5EDE0090E4F4;
			productRefGroup = 3BD550751C3F5EDE0090E4F4 /* Products */;
			projectDirPath = "";
			projectRoot = "";
			targets = (
				3BD550731C3F5EDE0090E4F4 /* Touch Tracker */,
			);
		};
/* End PBXProject section */

/* Begin PBXResourcesBuildPhase section */
		3BD550721C3F5EDE0090E4F4 /* Resources */ = {
			isa = PBXResourcesBuildPhase;
			buildActionMask = 2147483647;
			files = (
				3BD550871C3F5EDE0090E4F4 /* LaunchScreen.storyboard in Resources */,
				3BD550841C3F5EDE0090E4F4 /* Assets.xcassets in Resources */,
			);
			runOnlyForDeploymentPostprocessing = 0;
		};
/* End PBXResourcesBuildPhase section */

/* Begin PBXSourcesBuildPhase section */
		3BD550701C3F5EDE0090E4F4 /* Sources */ = {
			isa = PBXSourcesBuildPhase;
			buildActionMask = 2147483647;
			files = (
				3BD5507C1C3F5EDE0090E4F4 /* AppDelegate.m in Sources */,
				3BD550961C3F60080090E4F4 /* BNRDrawViewController.m in Sources */,
				3BB29E491C3F8F4300FB6F69 /* BNRCircle.m in Sources */,
				3BD550901C3F5F3F0090E4F4 /* BNRLine.m in Sources */,
				3BD550791C3F5EDE0090E4F4 /* main.m in Sources */,
				3BD550931C3F5FC30090E4F4 /* BNRDrawView.m in Sources */,
			);
			runOnlyForDeploymentPostprocessing = 0;
		};
/* End PBXSourcesBuildPhase section */

/* Begin PBXVariantGroup section */
		3BD550851C3F5EDE0090E4F4 /* LaunchScreen.storyboard */ = {
			isa = PBXVariantGroup;
			children = (
				3BD550861C3F5EDE0090E4F4 /* Base */,
			);
			name = LaunchScreen.storyboard;
			sourceTree = "<group>";
		};
/* End PBXVariantGroup section */

/* Begin XCBuildConfiguration section */
		3BD550891C3F5EDE0090E4F4 /* Debug */ = {
			isa = XCBuildConfiguration;
			buildSettings = {
				ALWAYS_SEARCH_USER_PATHS = NO;
				CLANG_CXX_LANGUAGE_STANDARD = "gnu++0x";
				CLANG_CXX_LIBRARY = "libc++";
				CLANG_ENABLE_MODULES = YES;
				CLANG_ENABLE_OBJC_ARC = YES;
				CLANG_WARN_BOOL_CONVERSION = YES;
				CLANG_WARN_CONSTANT_CONVERSION = YES;
				CLANG_WARN_DIRECT_OBJC_ISA_USAGE = YES_ERROR;
				CLANG_WARN_EMPTY_BODY = YES;
				CLANG_WARN_ENUM_CONVERSION = YES;
				CLANG_WARN_INT_CONVERSION = YES;
				CLANG_WARN_OBJC_ROOT_CLASS = YES_ERROR;
				CLANG_WARN_UNREACHABLE_CODE = YES;
				CLANG_WARN__DUPLICATE_METHOD_MATCH = YES;
				"CODE_SIGN_IDENTITY[sdk=iphoneos*]" = "iPhone Developer";
				COPY_PHASE_STRIP = NO;
				DEBUG_INFORMATION_FORMAT = dwarf;
				ENABLE_STRICT_OBJC_MSGSEND = YES;
				ENABLE_TESTABILITY = YES;
				GCC_C_LANGUAGE_STANDARD = gnu99;
				GCC_DYNAMIC_NO_PIC = NO;
				GCC_NO_COMMON_BLOCKS = YES;
				GCC_OPTIMIZATION_LEVEL = 0;
				GCC_PREPROCESSOR_DEFINITIONS = (
					"DEBUG=1",
					"$(inherited)",
				);
				GCC_WARN_64_TO_32_BIT_CONVERSION = YES;
				GCC_WARN_ABOUT_RETURN_TYPE = YES_ERROR;
				GCC_WARN_UNDECLARED_SELECTOR = YES;
				GCC_WARN_UNINITIALIZED_AUTOS = YES_AGGRESSIVE;
				GCC_WARN_UNUSED_FUNCTION = YES;
				GCC_WARN_UNUSED_VARIABLE = YES;
				IPHONEOS_DEPLOYMENT_TARGET = 9.2;
				MTL_ENABLE_DEBUG_INFO = YES;
				ONLY_ACTIVE_ARCH = YES;
				SDKROOT = iphoneos;
			};
			name = Debug;
		};
		3BD5508A1C3F5EDE0090E4F4 /* Release */ = {
			isa = XCBuildConfiguration;
			buildSettings = {
				ALWAYS_SEARCH_USER_PATHS = NO;
				CLANG_CXX_LANGUAGE_STANDARD = "gnu++0x";
				CLANG_CXX_LIBRARY = "libc++";
				CLANG_ENABLE_MODULES = YES;
				CLANG_ENABLE_OBJC_ARC = YES;
				CLANG_WARN_BOOL_CONVERSION = YES;
				CLANG_WARN_CONSTANT_CONVERSION = YES;
				CLANG_WARN_DIRECT_OBJC_ISA_USAGE = YES_ERROR;
				CLANG_WARN_EMPTY_BODY = YES;
				CLANG_WARN_ENUM_CONVERSION = YES;
				CLANG_WARN_INT_CONVERSION = YES;
				CLANG_WARN_OBJC_ROOT_CLASS = YES_ERROR;
				CLANG_WARN_UNREACHABLE_CODE = YES;
				CLANG_WARN__DUPLICATE_METHOD_MATCH = YES;
				"CODE_SIGN_IDENTITY[sdk=iphoneos*]" = "iPhone Developer";
				COPY_PHASE_STRIP = NO;
				DEBUG_INFORMATION_FORMAT = "dwarf-with-dsym";
				ENABLE_NS_ASSERTIONS = NO;
				ENABLE_STRICT_OBJC_MSGSEND = YES;
				GCC_C_LANGUAGE_STANDARD = gnu99;
				GCC_NO_COMMON_BLOCKS = YES;
				GCC_WARN_64_TO_32_BIT_CONVERSION = YES;
				GCC_WARN_ABOUT_RETURN_TYPE = YES_ERROR;
				GCC_WARN_UNDECLARED_SELECTOR = YES;
				GCC_WARN_UNINITIALIZED_AUTOS = YES_AGGRESSIVE;
				GCC_WARN_UNUSED_FUNCTION = YES;
				GCC_WARN_UNUSED_VARIABLE = YES;
				IPHONEOS_DEPLOYMENT_TARGET = 9.2;
				MTL_ENABLE_DEBUG_INFO = NO;
				SDKROOT = iphoneos;
				VALIDATE_PRODUCT = YES;
			};
			name = Release;
		};
		3BD5508C1C3F5EDE0090E4F4 /* Debug */ = {
			isa = XCBuildConfiguration;
			buildSettings = {
				ASSETCATALOG_COMPILER_APPICON_NAME = AppIcon;
				INFOPLIST_FILE = "Touch Tracker/Info.plist";
				LD_RUNPATH_SEARCH_PATHS = "$(inherited) @executable_path/Frameworks";
				PRODUCT_BUNDLE_IDENTIFIER = "com.bisaysavath.Touch-Tracker";
				PRODUCT_NAME = "$(TARGET_NAME)";
			};
			name = Debug;
		};
		3BD5508D1C3F5EDE0090E4F4 /* Release */ = {
			isa = XCBuildConfiguration;
			buildSettings = {
				ASSETCATALOG_COMPILER_APPICON_NAME = AppIcon;
				INFOPLIST_FILE = "Touch Tracker/Info.plist";
				LD_RUNPATH_SEARCH_PATHS = "$(inherited) @executable_path/Frameworks";
				PRODUCT_BUNDLE_IDENTIFIER = "com.bisaysavath.Touch-Tracker";
				PRODUCT_NAME = "$(TARGET_NAME)";
			};
			name = Release;
		};
/* End XCBuildConfiguration section */

/* Begin XCConfigurationList section */
		3BD5506F1C3F5EDE0090E4F4 /* Build configuration list for PBXProject "Touch Tracker" */ = {
			isa = XCConfigurationList;
			buildConfigurations = (
				3BD550891C3F5EDE0090E4F4 /* Debug */,
				3BD5508A1C3F5EDE0090E4F4 /* Release */,
			);
			defaultConfigurationIsVisible = 0;
			defaultConfigurationName = Release;
		};
		3BD5508B1C3F5EDE0090E4F4 /* Build configuration list for PBXNativeTarget "Touch Tracker" */ = {
			isa = XCConfigurationList;
			buildConfigurations = (
				3BD5508C1C3F5EDE0090E4F4 /* Debug */,
				3BD5508D1C3F5EDE0090E4F4 /* Release */,
			);
			defaultConfigurationIsVisible = 0;
			defaultConfigurationName = Release;
		};
/* End XCConfigurationList section */
	};
	rootObject = 3BD5506C1C3F5EDE0090E4F4 /* Project object */;
}
