// !$*UTF8*$!
{
	archiveVersion = 1;
	classes = {
	};
	objectVersion = 46;
	objects = {

/* Begin PBXBuildFile section */
		3B90EAF81C32475100C81B52 /* main.m in Sources */ = {isa = PBXBuildFile; fileRef = 3B90EAF71C32475100C81B52 /* main.m */; };
		3B90EAFB1C32475100C81B52 /* AppDelegate.m in Sources */ = {isa = PBXBuildFile; fileRef = 3B90EAFA1C32475100C81B52 /* AppDelegate.m */; };
		3B90EAFD1C32475100C81B52 /* Assets.xcassets in Resources */ = {isa = PBXBuildFile; fileRef = 3B90EAFC1C32475100C81B52 /* Assets.xcassets */; };
		3B90EB001C32475100C81B52 /* LaunchScreen.storyboard in Resources */ = {isa = PBXBuildFile; fileRef = 3B90EAFE1C32475100C81B52 /* LaunchScreen.storyboard */; };
		3B90EB091C32479300C81B52 /* BNRHypnosisterView.m in Sources */ = {isa = PBXBuildFile; fileRef = 3B90EB081C32479300C81B52 /* BNRHypnosisterView.m */; };
		3B90EB0C1C3247D300C81B52 /* BNRHypnosisViewController.m in Sources */ = {isa = PBXBuildFile; fileRef = 3B90EB0B1C3247D300C81B52 /* BNRHypnosisViewController.m */; };
		3B90EB0F1C324B0E00C81B52 /* BNRReminderViewController.m in Sources */ = {isa = PBXBuildFile; fileRef = 3B90EB0E1C324B0E00C81B52 /* BNRReminderViewController.m */; };
		3B90EB111C324C4700C81B52 /* BNRReminderViewController.xib in Resources */ = {isa = PBXBuildFile; fileRef = 3B90EB101C324C4700C81B52 /* BNRReminderViewController.xib */; };
/* End PBXBuildFile section */

/* Begin PBXFileReference section */
		3B90EAF31C32475100C81B52 /* HypnoNerd.app */ = {isa = PBXFileReference; explicitFileType = wrapper.application; includeInIndex = 0; path = HypnoNerd.app; sourceTree = BUILT_PRODUCTS_DIR; };
		3B90EAF71C32475100C81B52 /* main.m */ = {isa = PBXFileReference; lastKnownFileType = sourcecode.c.objc; path = main.m; sourceTree = "<group>"; };
		3B90EAF91C32475100C81B52 /* AppDelegate.h */ = {isa = PBXFileReference; lastKnownFileType = sourcecode.c.h; path = AppDelegate.h; sourceTree = "<group>"; };
		3B90EAFA1C32475100C81B52 /* AppDelegate.m */ = {isa = PBXFileReference; lastKnownFileType = sourcecode.c.objc; path = AppDelegate.m; sourceTree = "<group>"; };
		3B90EAFC1C32475100C81B52 /* Assets.xcassets */ = {isa = PBXFileReference; lastKnownFileType = folder.assetcatalog; path = Assets.xcassets; sourceTree = "<group>"; };
		3B90EAFF1C32475100C81B52 /* Base */ = {isa = PBXFileReference; lastKnownFileType = file.storyboard; name = Base; path = Base.lproj/LaunchScreen.storyboard; sourceTree = "<group>"; };
		3B90EB011C32475100C81B52 /* Info.plist */ = {isa = PBXFileReference; lastKnownFileType = text.plist.xml; path = Info.plist; sourceTree = "<group>"; };
		3B90EB071C32479300C81B52 /* BNRHypnosisterView.h */ = {isa = PBXFileReference; fileEncoding = 4; lastKnownFileType = sourcecode.c.h; path = BNRHypnosisterView.h; sourceTree = "<group>"; };
		3B90EB081C32479300C81B52 /* BNRHypnosisterView.m */ = {isa = PBXFileReference; fileEncoding = 4; lastKnownFileType = sourcecode.c.objc; path = BNRHypnosisterView.m; sourceTree = "<group>"; };
		3B90EB0A1C3247D300C81B52 /* BNRHypnosisViewController.h */ = {isa = PBXFileReference; fileEncoding = 4; lastKnownFileType = sourcecode.c.h; path = BNRHypnosisViewController.h; sourceTree = "<group>"; };
		3B90EB0B1C3247D300C81B52 /* BNRHypnosisViewController.m */ = {isa = PBXFileReference; fileEncoding = 4; lastKnownFileType = sourcecode.c.objc; path = BNRHypnosisViewController.m; sourceTree = "<group>"; };
		3B90EB0D1C324B0E00C81B52 /* BNRReminderViewController.h */ = {isa = PBXFileReference; fileEncoding = 4; lastKnownFileType = sourcecode.c.h; path = BNRReminderViewController.h; sourceTree = "<group>"; };
		3B90EB0E1C324B0E00C81B52 /* BNRReminderViewController.m */ = {isa = PBXFileReference; fileEncoding = 4; lastKnownFileType = sourcecode.c.objc; path = BNRReminderViewController.m; sourceTree = "<group>"; };
		3B90EB101C324C4700C81B52 /* BNRReminderViewController.xib */ = {isa = PBXFileReference; fileEncoding = 4; lastKnownFileType = file.xib; path = BNRReminderViewController.xib; sourceTree = "<group>"; };
/* End PBXFileReference section */

/* Begin PBXFrameworksBuildPhase section */
		3B90EAF01C32475100C81B52 /* Frameworks */ = {
			isa = PBXFrameworksBuildPhase;
			buildActionMask = 2147483647;
			files = (
			);
			runOnlyForDeploymentPostprocessing = 0;
		};
/* End PBXFrameworksBuildPhase section */

/* Begin PBXGroup section */
		3B90EAEA1C32475100C81B52 = {
			isa = PBXGroup;
			children = (
				3B90EAF51C32475100C81B52 /* HypnoNerd */,
				3B90EAF41C32475100C81B52 /* Products */,
			);
			sourceTree = "<group>";
		};
		3B90EAF41C32475100C81B52 /* Products */ = {
			isa = PBXGroup;
			children = (
				3B90EAF31C32475100C81B52 /* HypnoNerd.app */,
			);
			name = Products;
			sourceTree = "<group>";
		};
		3B90EAF51C32475100C81B52 /* HypnoNerd */ = {
			isa = PBXGroup;
			children = (
				3B90EB071C32479300C81B52 /* BNRHypnosisterView.h */,
				3B90EB081C32479300C81B52 /* BNRHypnosisterView.m */,
				3B90EAF91C32475100C81B52 /* AppDelegate.h */,
				3B90EAFA1C32475100C81B52 /* AppDelegate.m */,
				3B90EAFC1C32475100C81B52 /* Assets.xcassets */,
				3B90EAFE1C32475100C81B52 /* LaunchScreen.storyboard */,
				3B90EB011C32475100C81B52 /* Info.plist */,
				3B90EAF61C32475100C81B52 /* Supporting Files */,
				3B90EB0A1C3247D300C81B52 /* BNRHypnosisViewController.h */,
				3B90EB0B1C3247D300C81B52 /* BNRHypnosisViewController.m */,
				3B90EB0D1C324B0E00C81B52 /* BNRReminderViewController.h */,
				3B90EB0E1C324B0E00C81B52 /* BNRReminderViewController.m */,
				3B90EB101C324C4700C81B52 /* BNRReminderViewController.xib */,
			);
			path = HypnoNerd;
			sourceTree = "<group>";
		};
		3B90EAF61C32475100C81B52 /* Supporting Files */ = {
			isa = PBXGroup;
			children = (
				3B90EAF71C32475100C81B52 /* main.m */,
			);
			name = "Supporting Files";
			sourceTree = "<group>";
		};
/* End PBXGroup section */

/* Begin PBXNativeTarget section */
		3B90EAF21C32475100C81B52 /* HypnoNerd */ = {
			isa = PBXNativeTarget;
			buildConfigurationList = 3B90EB041C32475100C81B52 /* Build configuration list for PBXNativeTarget "HypnoNerd" */;
			buildPhases = (
				3B90EAEF1C32475100C81B52 /* Sources */,
				3B90EAF01C32475100C81B52 /* Frameworks */,
				3B90EAF11C32475100C81B52 /* Resources */,
			);
			buildRules = (
			);
			dependencies = (
			);
			name = HypnoNerd;
			productName = HypnoNerd;
			productReference = 3B90EAF31C32475100C81B52 /* HypnoNerd.app */;
			productType = "com.apple.product-type.application";
		};
/* End PBXNativeTarget section */

/* Begin PBXProject section */
		3B90EAEB1C32475100C81B52 /* Project object */ = {
			isa = PBXProject;
			attributes = {
				LastUpgradeCheck = 0720;
				ORGANIZATIONNAME = "Billy Saysavath";
				TargetAttributes = {
					3B90EAF21C32475100C81B52 = {
						CreatedOnToolsVersion = 7.2;
						DevelopmentTeam = TS7646574Q;
					};
				};
			};
			buildConfigurationList = 3B90EAEE1C32475100C81B52 /* Build configuration list for PBXProject "HypnoNerd" */;
			compatibilityVersion = "Xcode 3.2";
			developmentRegion = English;
			hasScannedForEncodings = 0;
			knownRegions = (
				en,
				Base,
			);
			mainGroup = 3B90EAEA1C32475100C81B52;
			productRefGroup = 3B90EAF41C32475100C81B52 /* Products */;
			projectDirPath = "";
			projectRoot = "";
			targets = (
				3B90EAF21C32475100C81B52 /* HypnoNerd */,
			);
		};
/* End PBXProject section */

/* Begin PBXResourcesBuildPhase section */
		3B90EAF11C32475100C81B52 /* Resources */ = {
			isa = PBXResourcesBuildPhase;
			buildActionMask = 2147483647;
			files = (
				3B90EB111C324C4700C81B52 /* BNRReminderViewController.xib in Resources */,
				3B90EAFD1C32475100C81B52 /* Assets.xcassets in Resources */,
				3B90EB001C32475100C81B52 /* LaunchScreen.storyboard in Resources */,
			);
			runOnlyForDeploymentPostprocessing = 0;
		};
/* End PBXResourcesBuildPhase section */

/* Begin PBXSourcesBuildPhase section */
		3B90EAEF1C32475100C81B52 /* Sources */ = {
			isa = PBXSourcesBuildPhase;
			buildActionMask = 2147483647;
			files = (
				3B90EB0C1C3247D300C81B52 /* BNRHypnosisViewController.m in Sources */,
				3B90EAFB1C32475100C81B52 /* AppDelegate.m in Sources */,
				3B90EB091C32479300C81B52 /* BNRHypnosisterView.m in Sources */,
				3B90EB0F1C324B0E00C81B52 /* BNRReminderViewController.m in Sources */,
				3B90EAF81C32475100C81B52 /* main.m in Sources */,
			);
			runOnlyForDeploymentPostprocessing = 0;
		};
/* End PBXSourcesBuildPhase section */

/* Begin PBXVariantGroup section */
		3B90EAFE1C32475100C81B52 /* LaunchScreen.storyboard */ = {
			isa = PBXVariantGroup;
			children = (
				3B90EAFF1C32475100C81B52 /* Base */,
			);
			name = LaunchScreen.storyboard;
			sourceTree = "<group>";
		};
/* End PBXVariantGroup section */

/* Begin XCBuildConfiguration section */
		3B90EB021C32475100C81B52 /* Debug */ = {
			isa = XCBuildConfiguration;
			buildSettings = {
				ALWAYS_SEARCH_USER_PATHS = NO;
				CLANG_CXX_LANGUAGE_STANDARD = "gnu++0x";
				CLANG_CXX_LIBRARY = "libc++";
				CLANG_ENABLE_MODULES = YES;
				CLANG_ENABLE_OBJC_ARC = YES;
				CLANG_WARN_BOOL_CONVERSION = YES;
				CLANG_WARN_CONSTANT_CONVERSION = YES;
				CLANG_WARN_DIRECT_OBJC_ISA_USAGE = YES_ERROR;
				CLANG_WARN_EMPTY_BODY = YES;
				CLANG_WARN_ENUM_CONVERSION = YES;
				CLANG_WARN_INT_CONVERSION = YES;
				CLANG_WARN_OBJC_ROOT_CLASS = YES_ERROR;
				CLANG_WARN_UNREACHABLE_CODE = YES;
				CLANG_WARN__DUPLICATE_METHOD_MATCH = YES;
				"CODE_SIGN_IDENTITY[sdk=iphoneos*]" = "iPhone Developer";
				COPY_PHASE_STRIP = NO;
				DEBUG_INFORMATION_FORMAT = dwarf;
				ENABLE_STRICT_OBJC_MSGSEND = YES;
				ENABLE_TESTABILITY = YES;
				GCC_C_LANGUAGE_STANDARD = gnu99;
				GCC_DYNAMIC_NO_PIC = NO;
				GCC_NO_COMMON_BLOCKS = YES;
				GCC_OPTIMIZATION_LEVEL = 0;
				GCC_PREPROCESSOR_DEFINITIONS = (
					"DEBUG=1",
					"$(inherited)",
				);
				GCC_WARN_64_TO_32_BIT_CONVERSION = YES;
				GCC_WARN_ABOUT_RETURN_TYPE = YES_ERROR;
				GCC_WARN_UNDECLARED_SELECTOR = YES;
				GCC_WARN_UNINITIALIZED_AUTOS = YES_AGGRESSIVE;
				GCC_WARN_UNUSED_FUNCTION = YES;
				GCC_WARN_UNUSED_VARIABLE = YES;
				IPHONEOS_DEPLOYMENT_TARGET = 9.2;
				MTL_ENABLE_DEBUG_INFO = YES;
				ONLY_ACTIVE_ARCH = YES;
				SDKROOT = iphoneos;
			};
			name = Debug;
		};
		3B90EB031C32475100C81B52 /* Release */ = {
			isa = XCBuildConfiguration;
			buildSettings = {
				ALWAYS_SEARCH_USER_PATHS = NO;
				CLANG_CXX_LANGUAGE_STANDARD = "gnu++0x";
				CLANG_CXX_LIBRARY = "libc++";
				CLANG_ENABLE_MODULES = YES;
				CLANG_ENABLE_OBJC_ARC = YES;
				CLANG_WARN_BOOL_CONVERSION = YES;
				CLANG_WARN_CONSTANT_CONVERSION = YES;
				CLANG_WARN_DIRECT_OBJC_ISA_USAGE = YES_ERROR;
				CLANG_WARN_EMPTY_BODY = YES;
				CLANG_WARN_ENUM_CONVERSION = YES;
				CLANG_WARN_INT_CONVERSION = YES;
				CLANG_WARN_OBJC_ROOT_CLASS = YES_ERROR;
				CLANG_WARN_UNREACHABLE_CODE = YES;
				CLANG_WARN__DUPLICATE_METHOD_MATCH = YES;
				"CODE_SIGN_IDENTITY[sdk=iphoneos*]" = "iPhone Developer";
				COPY_PHASE_STRIP = NO;
				DEBUG_INFORMATION_FORMAT = "dwarf-with-dsym";
				ENABLE_NS_ASSERTIONS = NO;
				ENABLE_STRICT_OBJC_MSGSEND = YES;
				GCC_C_LANGUAGE_STANDARD = gnu99;
				GCC_NO_COMMON_BLOCKS = YES;
				GCC_WARN_64_TO_32_BIT_CONVERSION = YES;
				GCC_WARN_ABOUT_RETURN_TYPE = YES_ERROR;
				GCC_WARN_UNDECLARED_SELECTOR = YES;
				GCC_WARN_UNINITIALIZED_AUTOS = YES_AGGRESSIVE;
				GCC_WARN_UNUSED_FUNCTION = YES;
				GCC_WARN_UNUSED_VARIABLE = YES;
				IPHONEOS_DEPLOYMENT_TARGET = 9.2;
				MTL_ENABLE_DEBUG_INFO = NO;
				SDKROOT = iphoneos;
				VALIDATE_PRODUCT = YES;
			};
			name = Release;
		};
		3B90EB051C32475100C81B52 /* Debug */ = {
			isa = XCBuildConfiguration;
			buildSettings = {
				ASSETCATALOG_COMPILER_APPICON_NAME = AppIcon;
				CODE_SIGN_IDENTITY = "iPhone Developer";
				"CODE_SIGN_IDENTITY[sdk=iphoneos*]" = "iPhone Developer";
				INFOPLIST_FILE = HypnoNerd/Info.plist;
				LD_RUNPATH_SEARCH_PATHS = "$(inherited) @executable_path/Frameworks";
				PRODUCT_BUNDLE_IDENTIFIER = com.bisaysavath.HypnoNerd;
				PRODUCT_NAME = "$(TARGET_NAME)";
				PROVISIONING_PROFILE = "";
			};
			name = Debug;
		};
		3B90EB061C32475100C81B52 /* Release */ = {
			isa = XCBuildConfiguration;
			buildSettings = {
				ASSETCATALOG_COMPILER_APPICON_NAME = AppIcon;
				CODE_SIGN_IDENTITY = "iPhone Developer";
				"CODE_SIGN_IDENTITY[sdk=iphoneos*]" = "iPhone Developer";
				INFOPLIST_FILE = HypnoNerd/Info.plist;
				LD_RUNPATH_SEARCH_PATHS = "$(inherited) @executable_path/Frameworks";
				PRODUCT_BUNDLE_IDENTIFIER = com.bisaysavath.HypnoNerd;
				PRODUCT_NAME = "$(TARGET_NAME)";
				PROVISIONING_PROFILE = "";
			};
			name = Release;
		};
/* End XCBuildConfiguration section */

/* Begin XCConfigurationList section */
		3B90EAEE1C32475100C81B52 /* Build configuration list for PBXProject "HypnoNerd" */ = {
			isa = XCConfigurationList;
			buildConfigurations = (
				3B90EB021C32475100C81B52 /* Debug */,
				3B90EB031C32475100C81B52 /* Release */,
			);
			defaultConfigurationIsVisible = 0;
			defaultConfigurationName = Release;
		};
		3B90EB041C32475100C81B52 /* Build configuration list for PBXNativeTarget "HypnoNerd" */ = {
			isa = XCConfigurationList;
			buildConfigurations = (
				3B90EB051C32475100C81B52 /* Debug */,
				3B90EB061C32475100C81B52 /* Release */,
			);
			defaultConfigurationIsVisible = 0;
		};
/* End XCConfigurationList section */
	};
	rootObject = 3B90EAEB1C32475100C81B52 /* Project object */;
}
